
Microsoft Visual Studio Solution File, Format Version 12.00
# Visual Studio 15
VisualStudioVersion = 15.0.27004.2009
MinimumVisualStudioVersion = 10.0.40219.1
Project("{FAE04EC0-301F-11D3-BF4B-00C04F79EFBC}") = "Black_friday", "Black_friday\Black_friday.csproj", "{832AE1D5-6F90-4217-8C4F-C6B7DCCB3C24}"
EndProject
Global
	GlobalSection(SolutionConfigurationPlatforms) = preSolution
		Debug|Any CPU = Debug|Any CPU
		Release|Any CPU = Release|Any CPU
	EndGlobalSection
	GlobalSection(ProjectConfigurationPlatforms) = postSolution
		{832AE1D5-6F90-4217-8C4F-C6B7DCCB3C24}.Debug|Any CPU.ActiveCfg = Debug|Any CPU
		{832AE1D5-6F90-4217-8C4F-C6B7DCCB3C24}.Debug|Any CPU.Build.0 = Debug|Any CPU
		{832AE1D5-6F90-4217-8C4F-C6B7DCCB3C24}.Release|Any CPU.ActiveCfg = Release|Any CPU
		{832AE1D5-6F90-4217-8C4F-C6B7DCCB3C24}.Release|Any CPU.Build.0 = Release|Any CPU
	EndGlobalSection
	GlobalSection(SolutionProperties) = preSolution
		HideSolutionNode = FALSE
	EndGlobalSection
	GlobalSection(ExtensibilityGlobals) = postSolution
		SolutionGuid = {50163AFF-E454-48D5-BE22-26AC67FE3B27}
	EndGlobalSection
EndGlobal
